{
  "version": 4,
  "terraform_version": "0.12.13",
  "serial": 20,
  "lineage": "9fb8887b-4f5d-7f04-40f4-7463352ee8ed",
  "outputs": {},
  "resources": [
    {
      "mode": "managed",
      "type": "aws_instance",
      "name": "my_Amazon",
      "provider": "provider.aws",
      "instances": [
        {
          "schema_version": 1,
          "attributes": {
            "ami": "ami-6a1f9414",
            "arn": "arn:aws:ec2:eu-north-1:158731623148:instance/i-0cccffae9a27332a7",
            "associate_public_ip_address": true,
            "availability_zone": "eu-north-1c",
            "cpu_core_count": null,
            "cpu_threads_per_core": null,
            "credit_specification": [
              {
                "cpu_credits": "unlimited"
              }
            ],
            "disable_api_termination": false,
            "ebs_block_device": [],
            "ebs_optimized": false,
            "ephemeral_block_device": [],
            "get_password_data": false,
            "host_id": null,
            "iam_instance_profile": "",
            "id": "i-0cccffae9a27332a7",
            "instance_initiated_shutdown_behavior": null,
            "instance_state": "running",
            "instance_type": "t3.small",
            "ipv6_address_count": 0,
            "ipv6_addresses": [],
            "key_name": "",
            "monitoring": false,
            "network_interface": [],
            "network_interface_id": null,
            "password_data": "",
            "placement_group": "",
            "primary_network_interface_id": "eni-027766e2f0907dd44",
            "private_dns": "ip-172-31-1-118.eu-north-1.compute.internal",
            "private_ip": "172.31.1.118",
            "public_dns": "ec2-13-48-129-194.eu-north-1.compute.amazonaws.com",
            "public_ip": "13.48.129.194",
            "root_block_device": [
              {
                "delete_on_termination": true,
                "encrypted": false,
                "iops": 100,
                "kms_key_id": "",
                "volume_id": "vol-0cda6c4ee748525bd",
                "volume_size": 8,
                "volume_type": "gp2"
              }
            ],
            "security_groups": [
              "default"
            ],
            "source_dest_check": true,
            "subnet_id": "subnet-73fde939",
            "tags": {
              "Name": "Linux_Amazon",
              "Owner": "Valera Peshkur",
              "Project": "Lesson_1"
            },
            "tenancy": "default",
            "timeouts": null,
            "user_data": null,
            "user_data_base64": null,
            "volume_tags": {},
            "vpc_security_group_ids": [
              "sg-1e0f9d75"
            ]
          },
          "private": "eyJlMmJmYjczMC1lY2FhLTExZTYtOGY4OC0zNDM2M2JjN2M0YzAiOnsiY3JlYXRlIjo2MDAwMDAwMDAwMDAsImRlbGV0ZSI6MTIwMDAwMDAwMDAwMCwidXBkYXRlIjo2MDAwMDAwMDAwMDB9LCJzY2hlbWFfdmVyc2lvbiI6IjEifQ=="
        }
      ]
    },
    {
      "mode": "managed",
      "type": "aws_instance",
      "name": "my_Ubuntu",
      "each": "list",
      "provider": "provider.aws",
      "instances": []
    }
  ]
}
